
Microsoft Visual Studio Solution File, Format Version 12.00
# Visual Studio Version 17
VisualStudioVersion = 17.8.34330.188
MinimumVisualStudioVersion = 10.0.40219.1
Project("{2150E333-8FDC-42A3-9474-1A3956D46DE8}") = "src", "src", "{5849938D-DE2C-41DC-AC5A-610C6D8E07D9}"
EndProject
Project("{2150E333-8FDC-42A3-9474-1A3956D46DE8}") = "test", "test", "{BBFC558B-BD77-49A5-B87F-222DA08A2D22}"
EndProject
Project("{FAE04EC0-301F-11D3-BF4B-00C04F79EFBC}") = "ApiCatalogo.Domain", "src\ApiCatalogo.Domain\ApiCatalogo.Domain.csproj", "{B7DC8048-9DFB-C836-539D-D2ABA937E23C}"
EndProject
Project("{FAE04EC0-301F-11D3-BF4B-00C04F79EFBC}") = "ApiCatalogo.Infrastructure", "src\ApiCatalogo.Infrastructure\ApiCatalogo.Infrastructure.csproj", "{98E29AEB-4279-8720-3AAC-C86B670053C1}"
EndProject
Project("{FAE04EC0-301F-11D3-BF4B-00C04F79EFBC}") = "ApiCatalogo.API", "src\WebApiSetup.API\ApiCatalogo.API.csproj", "{9DC864C0-60DE-9019-C8EF-EBB9223507E7}"
EndProject
Project("{FAE04EC0-301F-11D3-BF4B-00C04F79EFBC}") = "ApiCatalogo.Application", "src\WebApiSetup.Application\ApiCatalogo.Application.csproj", "{28866170-9D03-967A-AFF4-E608B5BE2EC0}"
EndProject
Global
	GlobalSection(SolutionConfigurationPlatforms) = preSolution
		Debug|Any CPU = Debug|Any CPU
		Release|Any CPU = Release|Any CPU
	EndGlobalSection
	GlobalSection(ProjectConfigurationPlatforms) = postSolution
		{B7DC8048-9DFB-C836-539D-D2ABA937E23C}.Debug|Any CPU.ActiveCfg = Debug|Any CPU
		{B7DC8048-9DFB-C836-539D-D2ABA937E23C}.Debug|Any CPU.Build.0 = Debug|Any CPU
		{B7DC8048-9DFB-C836-539D-D2ABA937E23C}.Release|Any CPU.ActiveCfg = Release|Any CPU
		{B7DC8048-9DFB-C836-539D-D2ABA937E23C}.Release|Any CPU.Build.0 = Release|Any CPU
		{98E29AEB-4279-8720-3AAC-C86B670053C1}.Debug|Any CPU.ActiveCfg = Debug|Any CPU
		{98E29AEB-4279-8720-3AAC-C86B670053C1}.Debug|Any CPU.Build.0 = Debug|Any CPU
		{98E29AEB-4279-8720-3AAC-C86B670053C1}.Release|Any CPU.ActiveCfg = Release|Any CPU
		{98E29AEB-4279-8720-3AAC-C86B670053C1}.Release|Any CPU.Build.0 = Release|Any CPU
		{9DC864C0-60DE-9019-C8EF-EBB9223507E7}.Debug|Any CPU.ActiveCfg = Debug|Any CPU
		{9DC864C0-60DE-9019-C8EF-EBB9223507E7}.Debug|Any CPU.Build.0 = Debug|Any CPU
		{9DC864C0-60DE-9019-C8EF-EBB9223507E7}.Release|Any CPU.ActiveCfg = Release|Any CPU
		{9DC864C0-60DE-9019-C8EF-EBB9223507E7}.Release|Any CPU.Build.0 = Release|Any CPU
		{28866170-9D03-967A-AFF4-E608B5BE2EC0}.Debug|Any CPU.ActiveCfg = Debug|Any CPU
		{28866170-9D03-967A-AFF4-E608B5BE2EC0}.Debug|Any CPU.Build.0 = Debug|Any CPU
		{28866170-9D03-967A-AFF4-E608B5BE2EC0}.Release|Any CPU.ActiveCfg = Release|Any CPU
		{28866170-9D03-967A-AFF4-E608B5BE2EC0}.Release|Any CPU.Build.0 = Release|Any CPU
	EndGlobalSection
	GlobalSection(SolutionProperties) = preSolution
		HideSolutionNode = FALSE
	EndGlobalSection
	GlobalSection(NestedProjects) = preSolution
		{B7DC8048-9DFB-C836-539D-D2ABA937E23C} = {5849938D-DE2C-41DC-AC5A-610C6D8E07D9}
		{98E29AEB-4279-8720-3AAC-C86B670053C1} = {5849938D-DE2C-41DC-AC5A-610C6D8E07D9}
		{9DC864C0-60DE-9019-C8EF-EBB9223507E7} = {5849938D-DE2C-41DC-AC5A-610C6D8E07D9}
		{28866170-9D03-967A-AFF4-E608B5BE2EC0} = {5849938D-DE2C-41DC-AC5A-610C6D8E07D9}
	EndGlobalSection
	GlobalSection(ExtensibilityGlobals) = postSolution
		SolutionGuid = {CD8B31FD-5092-4B1B-9569-3B063A9B78A0}
	EndGlobalSection
EndGlobal
